// !$*UTF8*$!
{
	archiveVersion = 1;
	classes = {
	};
	objectVersion = 50;
	objects = {

/* Begin PBXBuildFile section */
		2E990FD1EFC0CC74101B59C1 /* Pods_UICollectionViewProjectUITests.framework in Frameworks */ = {isa = PBXBuildFile; fileRef = 5216851B000858DA414EE03E /* Pods_UICollectionViewProjectUITests.framework */; };
		7530DB512142DB0F006A7E85 /* AppDelegate.swift in Sources */ = {isa = PBXBuildFile; fileRef = 7530DB502142DB0F006A7E85 /* AppDelegate.swift */; };
		7530DB582142DB0F006A7E85 /* Assets.xcassets in Resources */ = {isa = PBXBuildFile; fileRef = 7530DB572142DB0F006A7E85 /* Assets.xcassets */; };
		7530DB662142DB0F006A7E85 /* UICollectionViewProjectTests.swift in Sources */ = {isa = PBXBuildFile; fileRef = 7530DB652142DB0F006A7E85 /* UICollectionViewProjectTests.swift */; };
		7530DB712142DB0F006A7E85 /* UICollectionViewProjectUITests.swift in Sources */ = {isa = PBXBuildFile; fileRef = 7530DB702142DB0F006A7E85 /* UICollectionViewProjectUITests.swift */; };
		7530DB822142DBF9006A7E85 /* README.md in Resources */ = {isa = PBXBuildFile; fileRef = 7530DB812142DBF9006A7E85 /* README.md */; };
		7530DB862142DC1E006A7E85 /* ResponseDataModel.swift in Sources */ = {isa = PBXBuildFile; fileRef = 7530DB842142DC1E006A7E85 /* ResponseDataModel.swift */; };
		7530DB872142DC1E006A7E85 /* RequestDataModel.swift in Sources */ = {isa = PBXBuildFile; fileRef = 7530DB852142DC1E006A7E85 /* RequestDataModel.swift */; };
		7530DB8A2142DC34006A7E85 /* ServiceHandler.swift in Sources */ = {isa = PBXBuildFile; fileRef = 7530DB892142DC34006A7E85 /* ServiceHandler.swift */; };
		7530DB8F2142DC90006A7E85 /* CustomCollectionViewCell.swift in Sources */ = {isa = PBXBuildFile; fileRef = 7530DB8B2142DC8F006A7E85 /* CustomCollectionViewCell.swift */; };
		7530DB902142DC90006A7E85 /* CollectionViewController.swift in Sources */ = {isa = PBXBuildFile; fileRef = 7530DB8C2142DC8F006A7E85 /* CollectionViewController.swift */; };
		7530DB912142DC90006A7E85 /* FirstPageViewController.swift in Sources */ = {isa = PBXBuildFile; fileRef = 7530DB8D2142DC8F006A7E85 /* FirstPageViewController.swift */; };
		7530DB922142DC90006A7E85 /* TabBarViewController.swift in Sources */ = {isa = PBXBuildFile; fileRef = 7530DB8E2142DC90006A7E85 /* TabBarViewController.swift */; };
		7530DB942142DCE6006A7E85 /* Main.storyboard in Resources */ = {isa = PBXBuildFile; fileRef = 7530DB932142DCE6006A7E85 /* Main.storyboard */; };
		7530DB962142DCF8006A7E85 /* LaunchScreen.storyboard in Resources */ = {isa = PBXBuildFile; fileRef = 7530DB952142DCF8006A7E85 /* LaunchScreen.storyboard */; };
		7530DB992142DDA5006A7E85 /* LoadImagesURL+UIImageView.swift in Sources */ = {isa = PBXBuildFile; fileRef = 7530DB982142DDA5006A7E85 /* LoadImagesURL+UIImageView.swift */; };
		75FA6BC12144FD2600B49520 /* JSONParser.swift in Sources */ = {isa = PBXBuildFile; fileRef = 75FA6BC02144FD2600B49520 /* JSONParser.swift */; };
		75FA6BC3214552B800B49520 /* ImageViewController.swift in Sources */ = {isa = PBXBuildFile; fileRef = 75FA6BC2214552B800B49520 /* ImageViewController.swift */; };
		ACC0C604E7704E7B5E5168AD /* Pods_UICollectionViewProjectTests.framework in Frameworks */ = {isa = PBXBuildFile; fileRef = 7DBEB9FD91226578F6C535B5 /* Pods_UICollectionViewProjectTests.framework */; };
		CCB7AD8913E5F036927E8ECD /* Pods_UICollectionViewProject.framework in Frameworks */ = {isa = PBXBuildFile; fileRef = E811357F75D7C523C381A7B2 /* Pods_UICollectionViewProject.framework */; };
/* End PBXBuildFile section */

/* Begin PBXContainerItemProxy section */
		7530DB622142DB0F006A7E85 /* PBXContainerItemProxy */ = {
			isa = PBXContainerItemProxy;
			containerPortal = 7530DB452142DB0F006A7E85 /* Project object */;
			proxyType = 1;
			remoteGlobalIDString = 7530DB4C2142DB0F006A7E85;
			remoteInfo = UICollectionViewProject;
		};
		7530DB6D2142DB0F006A7E85 /* PBXContainerItemProxy */ = {
			isa = PBXContainerItemProxy;
			containerPortal = 7530DB452142DB0F006A7E85 /* Project object */;
			proxyType = 1;
			remoteGlobalIDString = 7530DB4C2142DB0F006A7E85;
			remoteInfo = UICollectionViewProject;
		};
/* End PBXContainerItemProxy section */

/* Begin PBXFileReference section */
		0BB568D5B37900E243238DAE /* Pods-UICollectionViewProject.debug.xcconfig */ = {isa = PBXFileReference; includeInIndex = 1; lastKnownFileType = text.xcconfig; name = "Pods-UICollectionViewProject.debug.xcconfig"; path = "Pods/Target Support Files/Pods-UICollectionViewProject/Pods-UICollectionViewProject.debug.xcconfig"; sourceTree = "<group>"; };
		5216851B000858DA414EE03E /* Pods_UICollectionViewProjectUITests.framework */ = {isa = PBXFileReference; explicitFileType = wrapper.framework; includeInIndex = 0; path = Pods_UICollectionViewProjectUITests.framework; sourceTree = BUILT_PRODUCTS_DIR; };
		5741FDB4CE8B142CB0B92E01 /* Pods-UICollectionViewProjectTests.release.xcconfig */ = {isa = PBXFileReference; includeInIndex = 1; lastKnownFileType = text.xcconfig; name = "Pods-UICollectionViewProjectTests.release.xcconfig"; path = "Pods/Target Support Files/Pods-UICollectionViewProjectTests/Pods-UICollectionViewProjectTests.release.xcconfig"; sourceTree = "<group>"; };
		7530DB4D2142DB0F006A7E85 /* UICollectionViewProject.app */ = {isa = PBXFileReference; explicitFileType = wrapper.application; includeInIndex = 0; path = UICollectionViewProject.app; sourceTree = BUILT_PRODUCTS_DIR; };
		7530DB502142DB0F006A7E85 /* AppDelegate.swift */ = {isa = PBXFileReference; lastKnownFileType = sourcecode.swift; path = AppDelegate.swift; sourceTree = "<group>"; };
		7530DB572142DB0F006A7E85 /* Assets.xcassets */ = {isa = PBXFileReference; lastKnownFileType = folder.assetcatalog; path = Assets.xcassets; sourceTree = "<group>"; };
		7530DB5C2142DB0F006A7E85 /* Info.plist */ = {isa = PBXFileReference; lastKnownFileType = text.plist.xml; path = Info.plist; sourceTree = "<group>"; };
		7530DB612142DB0F006A7E85 /* UICollectionViewProjectTests.xctest */ = {isa = PBXFileReference; explicitFileType = wrapper.cfbundle; includeInIndex = 0; path = UICollectionViewProjectTests.xctest; sourceTree = BUILT_PRODUCTS_DIR; };
		7530DB652142DB0F006A7E85 /* UICollectionViewProjectTests.swift */ = {isa = PBXFileReference; lastKnownFileType = sourcecode.swift; path = UICollectionViewProjectTests.swift; sourceTree = "<group>"; };
		7530DB672142DB0F006A7E85 /* Info.plist */ = {isa = PBXFileReference; lastKnownFileType = text.plist.xml; path = Info.plist; sourceTree = "<group>"; };
		7530DB6C2142DB0F006A7E85 /* UICollectionViewProjectUITests.xctest */ = {isa = PBXFileReference; explicitFileType = wrapper.cfbundle; includeInIndex = 0; path = UICollectionViewProjectUITests.xctest; sourceTree = BUILT_PRODUCTS_DIR; };
		7530DB702142DB0F006A7E85 /* UICollectionViewProjectUITests.swift */ = {isa = PBXFileReference; lastKnownFileType = sourcecode.swift; path = UICollectionViewProjectUITests.swift; sourceTree = "<group>"; };
		7530DB722142DB0F006A7E85 /* Info.plist */ = {isa = PBXFileReference; lastKnownFileType = text.plist.xml; path = Info.plist; sourceTree = "<group>"; };
		7530DB812142DBF9006A7E85 /* README.md */ = {isa = PBXFileReference; fileEncoding = 4; lastKnownFileType = net.daringfireball.markdown; path = README.md; sourceTree = "<group>"; };
		7530DB842142DC1E006A7E85 /* ResponseDataModel.swift */ = {isa = PBXFileReference; fileEncoding = 4; lastKnownFileType = sourcecode.swift; path = ResponseDataModel.swift; sourceTree = "<group>"; };
		7530DB852142DC1E006A7E85 /* RequestDataModel.swift */ = {isa = PBXFileReference; fileEncoding = 4; lastKnownFileType = sourcecode.swift; path = RequestDataModel.swift; sourceTree = "<group>"; };
		7530DB892142DC34006A7E85 /* ServiceHandler.swift */ = {isa = PBXFileReference; fileEncoding = 4; lastKnownFileType = sourcecode.swift; path = ServiceHandler.swift; sourceTree = "<group>"; };
		7530DB8B2142DC8F006A7E85 /* CustomCollectionViewCell.swift */ = {isa = PBXFileReference; fileEncoding = 4; lastKnownFileType = sourcecode.swift; path = CustomCollectionViewCell.swift; sourceTree = "<group>"; };
		7530DB8C2142DC8F006A7E85 /* CollectionViewController.swift */ = {isa = PBXFileReference; fileEncoding = 4; lastKnownFileType = sourcecode.swift; path = CollectionViewController.swift; sourceTree = "<group>"; };
		7530DB8D2142DC8F006A7E85 /* FirstPageViewController.swift */ = {isa = PBXFileReference; fileEncoding = 4; lastKnownFileType = sourcecode.swift; path = FirstPageViewController.swift; sourceTree = "<group>"; };
		7530DB8E2142DC90006A7E85 /* TabBarViewController.swift */ = {isa = PBXFileReference; fileEncoding = 4; lastKnownFileType = sourcecode.swift; path = TabBarViewController.swift; sourceTree = "<group>"; };
		7530DB932142DCE6006A7E85 /* Main.storyboard */ = {isa = PBXFileReference; fileEncoding = 4; lastKnownFileType = file.storyboard; path = Main.storyboard; sourceTree = "<group>"; };
		7530DB952142DCF8006A7E85 /* LaunchScreen.storyboard */ = {isa = PBXFileReference; fileEncoding = 4; lastKnownFileType = file.storyboard; path = LaunchScreen.storyboard; sourceTree = "<group>"; };
		7530DB982142DDA5006A7E85 /* LoadImagesURL+UIImageView.swift */ = {isa = PBXFileReference; fileEncoding = 4; lastKnownFileType = sourcecode.swift; path = "LoadImagesURL+UIImageView.swift"; sourceTree = "<group>"; };
		75FA6BC02144FD2600B49520 /* JSONParser.swift */ = {isa = PBXFileReference; lastKnownFileType = sourcecode.swift; path = JSONParser.swift; sourceTree = "<group>"; };
		75FA6BC2214552B800B49520 /* ImageViewController.swift */ = {isa = PBXFileReference; lastKnownFileType = sourcecode.swift; path = ImageViewController.swift; sourceTree = "<group>"; };
		7DBEB9FD91226578F6C535B5 /* Pods_UICollectionViewProjectTests.framework */ = {isa = PBXFileReference; explicitFileType = wrapper.framework; includeInIndex = 0; path = Pods_UICollectionViewProjectTests.framework; sourceTree = BUILT_PRODUCTS_DIR; };
		9EABD072B2DFB6B8145980DC /* Pods-UICollectionViewProject.release.xcconfig */ = {isa = PBXFileReference; includeInIndex = 1; lastKnownFileType = text.xcconfig; name = "Pods-UICollectionViewProject.release.xcconfig"; path = "Pods/Target Support Files/Pods-UICollectionViewProject/Pods-UICollectionViewProject.release.xcconfig"; sourceTree = "<group>"; };
		D1A709A09812E643B73DD259 /* Pods-UICollectionViewProjectUITests.debug.xcconfig */ = {isa = PBXFileReference; includeInIndex = 1; lastKnownFileType = text.xcconfig; name = "Pods-UICollectionViewProjectUITests.debug.xcconfig"; path = "Pods/Target Support Files/Pods-UICollectionViewProjectUITests/Pods-UICollectionViewProjectUITests.debug.xcconfig"; sourceTree = "<group>"; };
		D6F1466F13AA634E4DF0C552 /* Pods-UICollectionViewProjectTests.debug.xcconfig */ = {isa = PBXFileReference; includeInIndex = 1; lastKnownFileType = text.xcconfig; name = "Pods-UICollectionViewProjectTests.debug.xcconfig"; path = "Pods/Target Support Files/Pods-UICollectionViewProjectTests/Pods-UICollectionViewProjectTests.debug.xcconfig"; sourceTree = "<group>"; };
		E811357F75D7C523C381A7B2 /* Pods_UICollectionViewProject.framework */ = {isa = PBXFileReference; explicitFileType = wrapper.framework; includeInIndex = 0; path = Pods_UICollectionViewProject.framework; sourceTree = BUILT_PRODUCTS_DIR; };
		FD122C888211DEE72509987D /* Pods-UICollectionViewProjectUITests.release.xcconfig */ = {isa = PBXFileReference; includeInIndex = 1; lastKnownFileType = text.xcconfig; name = "Pods-UICollectionViewProjectUITests.release.xcconfig"; path = "Pods/Target Support Files/Pods-UICollectionViewProjectUITests/Pods-UICollectionViewProjectUITests.release.xcconfig"; sourceTree = "<group>"; };
/* End PBXFileReference section */

/* Begin PBXFrameworksBuildPhase section */
		7530DB4A2142DB0F006A7E85 /* Frameworks */ = {
			isa = PBXFrameworksBuildPhase;
			buildActionMask = 2147483647;
			files = (
				CCB7AD8913E5F036927E8ECD /* Pods_UICollectionViewProject.framework in Frameworks */,
			);
			runOnlyForDeploymentPostprocessing = 0;
		};
		7530DB5E2142DB0F006A7E85 /* Frameworks */ = {
			isa = PBXFrameworksBuildPhase;
			buildActionMask = 2147483647;
			files = (
				ACC0C604E7704E7B5E5168AD /* Pods_UICollectionViewProjectTests.framework in Frameworks */,
			);
			runOnlyForDeploymentPostprocessing = 0;
		};
		7530DB692142DB0F006A7E85 /* Frameworks */ = {
			isa = PBXFrameworksBuildPhase;
			buildActionMask = 2147483647;
			files = (
				2E990FD1EFC0CC74101B59C1 /* Pods_UICollectionViewProjectUITests.framework in Frameworks */,
			);
			runOnlyForDeploymentPostprocessing = 0;
		};
/* End PBXFrameworksBuildPhase section */

/* Begin PBXGroup section */
		6D79F2DAE9527B29A9E62EDB /* Frameworks */ = {
			isa = PBXGroup;
			children = (
				E811357F75D7C523C381A7B2 /* Pods_UICollectionViewProject.framework */,
				7DBEB9FD91226578F6C535B5 /* Pods_UICollectionViewProjectTests.framework */,
				5216851B000858DA414EE03E /* Pods_UICollectionViewProjectUITests.framework */,
			);
			name = Frameworks;
			sourceTree = "<group>";
		};
		70C3F9FBABDD09B592CD4A64 /* Pods */ = {
			isa = PBXGroup;
			children = (
				0BB568D5B37900E243238DAE /* Pods-UICollectionViewProject.debug.xcconfig */,
				9EABD072B2DFB6B8145980DC /* Pods-UICollectionViewProject.release.xcconfig */,
				D6F1466F13AA634E4DF0C552 /* Pods-UICollectionViewProjectTests.debug.xcconfig */,
				5741FDB4CE8B142CB0B92E01 /* Pods-UICollectionViewProjectTests.release.xcconfig */,
				D1A709A09812E643B73DD259 /* Pods-UICollectionViewProjectUITests.debug.xcconfig */,
				FD122C888211DEE72509987D /* Pods-UICollectionViewProjectUITests.release.xcconfig */,
			);
			name = Pods;
			sourceTree = "<group>";
		};
		7530DB442142DB0F006A7E85 = {
			isa = PBXGroup;
			children = (
				7530DB4F2142DB0F006A7E85 /* UICollectionViewProject */,
				7530DB642142DB0F006A7E85 /* UICollectionViewProjectTests */,
				7530DB6F2142DB0F006A7E85 /* UICollectionViewProjectUITests */,
				7530DB4E2142DB0F006A7E85 /* Products */,
				7530DB812142DBF9006A7E85 /* README.md */,
				70C3F9FBABDD09B592CD4A64 /* Pods */,
				6D79F2DAE9527B29A9E62EDB /* Frameworks */,
			);
			sourceTree = "<group>";
		};
		7530DB4E2142DB0F006A7E85 /* Products */ = {
			isa = PBXGroup;
			children = (
				7530DB4D2142DB0F006A7E85 /* UICollectionViewProject.app */,
				7530DB612142DB0F006A7E85 /* UICollectionViewProjectTests.xctest */,
				7530DB6C2142DB0F006A7E85 /* UICollectionViewProjectUITests.xctest */,
			);
			name = Products;
			sourceTree = "<group>";
		};
		7530DB4F2142DB0F006A7E85 /* UICollectionViewProject */ = {
			isa = PBXGroup;
			children = (
				7530DB802142DBE1006A7E85 /* Models */,
				7530DB7F2142DBCC006A7E85 /* Storyboards */,
				7530DB7E2142DBBA006A7E85 /* Controllers */,
				7530DB972142DD85006A7E85 /* Extensions */,
				7530DB572142DB0F006A7E85 /* Assets.xcassets */,
				7530DB5C2142DB0F006A7E85 /* Info.plist */,
			);
			path = UICollectionViewProject;
			sourceTree = "<group>";
		};
		7530DB642142DB0F006A7E85 /* UICollectionViewProjectTests */ = {
			isa = PBXGroup;
			children = (
				7530DB652142DB0F006A7E85 /* UICollectionViewProjectTests.swift */,
				7530DB672142DB0F006A7E85 /* Info.plist */,
			);
			path = UICollectionViewProjectTests;
			sourceTree = "<group>";
		};
		7530DB6F2142DB0F006A7E85 /* UICollectionViewProjectUITests */ = {
			isa = PBXGroup;
			children = (
				7530DB702142DB0F006A7E85 /* UICollectionViewProjectUITests.swift */,
				7530DB722142DB0F006A7E85 /* Info.plist */,
			);
			path = UICollectionViewProjectUITests;
			sourceTree = "<group>";
		};
		7530DB7E2142DBBA006A7E85 /* Controllers */ = {
			isa = PBXGroup;
			children = (
				7530DB8D2142DC8F006A7E85 /* FirstPageViewController.swift */,
				7530DB8C2142DC8F006A7E85 /* CollectionViewController.swift */,
				7530DB8B2142DC8F006A7E85 /* CustomCollectionViewCell.swift */,
				75FA6BC2214552B800B49520 /* ImageViewController.swift */,
				7530DB8E2142DC90006A7E85 /* TabBarViewController.swift */,
				7530DB502142DB0F006A7E85 /* AppDelegate.swift */,
			);
			path = Controllers;
			sourceTree = "<group>";
		};
		7530DB7F2142DBCC006A7E85 /* Storyboards */ = {
			isa = PBXGroup;
			children = (
				7530DB932142DCE6006A7E85 /* Main.storyboard */,
				7530DB952142DCF8006A7E85 /* LaunchScreen.storyboard */,
			);
			path = Storyboards;
			sourceTree = "<group>";
		};
		7530DB802142DBE1006A7E85 /* Models */ = {
			isa = PBXGroup;
			children = (
				7530DB832142DC0F006A7E85 /* ServiceDataModel */,
				7530DB882142DC24006A7E85 /* ServiceHandler */,
			);
			path = Models;
			sourceTree = "<group>";
		};
		7530DB832142DC0F006A7E85 /* ServiceDataModel */ = {
			isa = PBXGroup;
			children = (
				7530DB852142DC1E006A7E85 /* RequestDataModel.swift */,
				7530DB842142DC1E006A7E85 /* ResponseDataModel.swift */,
			);
			path = ServiceDataModel;
			sourceTree = "<group>";
		};
		7530DB882142DC24006A7E85 /* ServiceHandler */ = {
			isa = PBXGroup;
			children = (
				7530DB892142DC34006A7E85 /* ServiceHandler.swift */,
				75FA6BC02144FD2600B49520 /* JSONParser.swift */,
			);
			path = ServiceHandler;
			sourceTree = "<group>";
		};
		7530DB972142DD85006A7E85 /* Extensions */ = {
			isa = PBXGroup;
			children = (
				7530DB982142DDA5006A7E85 /* LoadImagesURL+UIImageView.swift */,
			);
			path = Extensions;
			sourceTree = "<group>";
		};
/* End PBXGroup section */

/* Begin PBXNativeTarget section */
		7530DB4C2142DB0F006A7E85 /* UICollectionViewProject */ = {
			isa = PBXNativeTarget;
			buildConfigurationList = 7530DB752142DB0F006A7E85 /* Build configuration list for PBXNativeTarget "UICollectionViewProject" */;
			buildPhases = (
				0B1A9C720CF2FBF1FF3AB843 /* [CP] Check Pods Manifest.lock */,
				7530DB492142DB0F006A7E85 /* Sources */,
				7530DB4A2142DB0F006A7E85 /* Frameworks */,
				7530DB4B2142DB0F006A7E85 /* Resources */,
				19635F167A88B5160B3FF438 /* [CP] Embed Pods Frameworks */,
			);
			buildRules = (
			);
			dependencies = (
			);
			name = UICollectionViewProject;
			productName = UICollectionViewProject;
			productReference = 7530DB4D2142DB0F006A7E85 /* UICollectionViewProject.app */;
			productType = "com.apple.product-type.application";
		};
		7530DB602142DB0F006A7E85 /* UICollectionViewProjectTests */ = {
			isa = PBXNativeTarget;
			buildConfigurationList = 7530DB782142DB0F006A7E85 /* Build configuration list for PBXNativeTarget "UICollectionViewProjectTests" */;
			buildPhases = (
				811F027E1FC0D2A34AA80734 /* [CP] Check Pods Manifest.lock */,
				7530DB5D2142DB0F006A7E85 /* Sources */,
				7530DB5E2142DB0F006A7E85 /* Frameworks */,
				7530DB5F2142DB0F006A7E85 /* Resources */,
			);
			buildRules = (
			);
			dependencies = (
				7530DB632142DB0F006A7E85 /* PBXTargetDependency */,
			);
			name = UICollectionViewProjectTests;
			productName = UICollectionViewProjectTests;
			productReference = 7530DB612142DB0F006A7E85 /* UICollectionViewProjectTests.xctest */;
			productType = "com.apple.product-type.bundle.unit-test";
		};
		7530DB6B2142DB0F006A7E85 /* UICollectionViewProjectUITests */ = {
			isa = PBXNativeTarget;
			buildConfigurationList = 7530DB7B2142DB0F006A7E85 /* Build configuration list for PBXNativeTarget "UICollectionViewProjectUITests" */;
			buildPhases = (
				1BEA618938268DAFC1A763BA /* [CP] Check Pods Manifest.lock */,
				7530DB682142DB0F006A7E85 /* Sources */,
				7530DB692142DB0F006A7E85 /* Frameworks */,
				7530DB6A2142DB0F006A7E85 /* Resources */,
			);
			buildRules = (
			);
			dependencies = (
				7530DB6E2142DB0F006A7E85 /* PBXTargetDependency */,
			);
			name = UICollectionViewProjectUITests;
			productName = UICollectionViewProjectUITests;
			productReference = 7530DB6C2142DB0F006A7E85 /* UICollectionViewProjectUITests.xctest */;
			productType = "com.apple.product-type.bundle.ui-testing";
		};
/* End PBXNativeTarget section */

/* Begin PBXProject section */
		7530DB452142DB0F006A7E85 /* Project object */ = {
			isa = PBXProject;
			attributes = {
				LastSwiftUpdateCheck = 0940;
				LastUpgradeCheck = 0940;
				ORGANIZATIONNAME = SMON;
				TargetAttributes = {
					7530DB4C2142DB0F006A7E85 = {
						CreatedOnToolsVersion = 9.4.1;
					};
					7530DB602142DB0F006A7E85 = {
						CreatedOnToolsVersion = 9.4.1;
						TestTargetID = 7530DB4C2142DB0F006A7E85;
					};
					7530DB6B2142DB0F006A7E85 = {
						CreatedOnToolsVersion = 9.4.1;
						TestTargetID = 7530DB4C2142DB0F006A7E85;
					};
				};
			};
			buildConfigurationList = 7530DB482142DB0F006A7E85 /* Build configuration list for PBXProject "UICollectionViewProject" */;
			compatibilityVersion = "Xcode 9.3";
			developmentRegion = en;
			hasScannedForEncodings = 0;
			knownRegions = (
				en,
				Base,
			);
			mainGroup = 7530DB442142DB0F006A7E85;
			productRefGroup = 7530DB4E2142DB0F006A7E85 /* Products */;
			projectDirPath = "";
			projectRoot = "";
			targets = (
				7530DB4C2142DB0F006A7E85 /* UICollectionViewProject */,
				7530DB602142DB0F006A7E85 /* UICollectionViewProjectTests */,
				7530DB6B2142DB0F006A7E85 /* UICollectionViewProjectUITests */,
			);
		};
/* End PBXProject section */

/* Begin PBXResourcesBuildPhase section */
		7530DB4B2142DB0F006A7E85 /* Resources */ = {
			isa = PBXResourcesBuildPhase;
			buildActionMask = 2147483647;
			files = (
				7530DB582142DB0F006A7E85 /* Assets.xcassets in Resources */,
				7530DB962142DCF8006A7E85 /* LaunchScreen.storyboard in Resources */,
				7530DB822142DBF9006A7E85 /* README.md in Resources */,
				7530DB942142DCE6006A7E85 /* Main.storyboard in Resources */,
			);
			runOnlyForDeploymentPostprocessing = 0;
		};
		7530DB5F2142DB0F006A7E85 /* Resources */ = {
			isa = PBXResourcesBuildPhase;
			buildActionMask = 2147483647;
			files = (
			);
			runOnlyForDeploymentPostprocessing = 0;
		};
		7530DB6A2142DB0F006A7E85 /* Resources */ = {
			isa = PBXResourcesBuildPhase;
			buildActionMask = 2147483647;
			files = (
			);
			runOnlyForDeploymentPostprocessing = 0;
		};
/* End PBXResourcesBuildPhase section */

/* Begin PBXShellScriptBuildPhase section */
		0B1A9C720CF2FBF1FF3AB843 /* [CP] Check Pods Manifest.lock */ = {
			isa = PBXShellScriptBuildPhase;
			buildActionMask = 2147483647;
			files = (
			);
			inputPaths = (
				"${PODS_PODFILE_DIR_PATH}/Podfile.lock",
				"${PODS_ROOT}/Manifest.lock",
			);
			name = "[CP] Check Pods Manifest.lock";
			outputPaths = (
				"$(DERIVED_FILE_DIR)/Pods-UICollectionViewProject-checkManifestLockResult.txt",
			);
			runOnlyForDeploymentPostprocessing = 0;
			shellPath = /bin/sh;
			shellScript = "diff \"${PODS_PODFILE_DIR_PATH}/Podfile.lock\" \"${PODS_ROOT}/Manifest.lock\" > /dev/null\nif [ $? != 0 ] ; then\n    # print error to STDERR\n    echo \"error: The sandbox is not in sync with the Podfile.lock. Run 'pod install' or update your CocoaPods installation.\" >&2\n    exit 1\nfi\n# This output is used by Xcode 'outputs' to avoid re-running this script phase.\necho \"SUCCESS\" > \"${SCRIPT_OUTPUT_FILE_0}\"\n";
			showEnvVarsInLog = 0;
		};
		19635F167A88B5160B3FF438 /* [CP] Embed Pods Frameworks */ = {
			isa = PBXShellScriptBuildPhase;
			buildActionMask = 2147483647;
			files = (
			);
			inputPaths = (
				"${SRCROOT}/Pods/Target Support Files/Pods-UICollectionViewProject/Pods-UICollectionViewProject-frameworks.sh",
				"${BUILT_PRODUCTS_DIR}/SDWebImage/SDWebImage.framework",
			);
			name = "[CP] Embed Pods Frameworks";
			outputPaths = (
				"${TARGET_BUILD_DIR}/${FRAMEWORKS_FOLDER_PATH}/SDWebImage.framework",
			);
			runOnlyForDeploymentPostprocessing = 0;
			shellPath = /bin/sh;
			shellScript = "\"${SRCROOT}/Pods/Target Support Files/Pods-UICollectionViewProject/Pods-UICollectionViewProject-frameworks.sh\"\n";
			showEnvVarsInLog = 0;
		};
		1BEA618938268DAFC1A763BA /* [CP] Check Pods Manifest.lock */ = {
			isa = PBXShellScriptBuildPhase;
			buildActionMask = 2147483647;
			files = (
			);
			inputPaths = (
				"${PODS_PODFILE_DIR_PATH}/Podfile.lock",
				"${PODS_ROOT}/Manifest.lock",
			);
			name = "[CP] Check Pods Manifest.lock";
			outputPaths = (
				"$(DERIVED_FILE_DIR)/Pods-UICollectionViewProjectUITests-checkManifestLockResult.txt",
			);
			runOnlyForDeploymentPostprocessing = 0;
			shellPath = /bin/sh;
			shellScript = "diff \"${PODS_PODFILE_DIR_PATH}/Podfile.lock\" \"${PODS_ROOT}/Manifest.lock\" > /dev/null\nif [ $? != 0 ] ; then\n    # print error to STDERR\n    echo \"error: The sandbox is not in sync with the Podfile.lock. Run 'pod install' or update your CocoaPods installation.\" >&2\n    exit 1\nfi\n# This output is used by Xcode 'outputs' to avoid re-running this script phase.\necho \"SUCCESS\" > \"${SCRIPT_OUTPUT_FILE_0}\"\n";
			showEnvVarsInLog = 0;
		};
		811F027E1FC0D2A34AA80734 /* [CP] Check Pods Manifest.lock */ = {
			isa = PBXShellScriptBuildPhase;
			buildActionMask = 2147483647;
			files = (
			);
			inputPaths = (
				"${PODS_PODFILE_DIR_PATH}/Podfile.lock",
				"${PODS_ROOT}/Manifest.lock",
			);
			name = "[CP] Check Pods Manifest.lock";
			outputPaths = (
				"$(DERIVED_FILE_DIR)/Pods-UICollectionViewProjectTests-checkManifestLockResult.txt",
			);
			runOnlyForDeploymentPostprocessing = 0;
			shellPath = /bin/sh;
			shellScript = "diff \"${PODS_PODFILE_DIR_PATH}/Podfile.lock\" \"${PODS_ROOT}/Manifest.lock\" > /dev/null\nif [ $? != 0 ] ; then\n    # print error to STDERR\n    echo \"error: The sandbox is not in sync with the Podfile.lock. Run 'pod install' or update your CocoaPods installation.\" >&2\n    exit 1\nfi\n# This output is used by Xcode 'outputs' to avoid re-running this script phase.\necho \"SUCCESS\" > \"${SCRIPT_OUTPUT_FILE_0}\"\n";
			showEnvVarsInLog = 0;
		};
/* End PBXShellScriptBuildPhase section */

/* Begin PBXSourcesBuildPhase section */
		7530DB492142DB0F006A7E85 /* Sources */ = {
			isa = PBXSourcesBuildPhase;
			buildActionMask = 2147483647;
			files = (
				7530DB922142DC90006A7E85 /* TabBarViewController.swift in Sources */,
				7530DB992142DDA5006A7E85 /* LoadImagesURL+UIImageView.swift in Sources */,
				7530DB902142DC90006A7E85 /* CollectionViewController.swift in Sources */,
				7530DB8A2142DC34006A7E85 /* ServiceHandler.swift in Sources */,
				7530DB8F2142DC90006A7E85 /* CustomCollectionViewCell.swift in Sources */,
				7530DB912142DC90006A7E85 /* FirstPageViewController.swift in Sources */,
				75FA6BC12144FD2600B49520 /* JSONParser.swift in Sources */,
				7530DB872142DC1E006A7E85 /* RequestDataModel.swift in Sources */,
				7530DB512142DB0F006A7E85 /* AppDelegate.swift in Sources */,
				75FA6BC3214552B800B49520 /* ImageViewController.swift in Sources */,
				7530DB862142DC1E006A7E85 /* ResponseDataModel.swift in Sources */,
			);
			runOnlyForDeploymentPostprocessing = 0;
		};
		7530DB5D2142DB0F006A7E85 /* Sources */ = {
			isa = PBXSourcesBuildPhase;
			buildActionMask = 2147483647;
			files = (
				7530DB662142DB0F006A7E85 /* UICollectionViewProjectTests.swift in Sources */,
			);
			runOnlyForDeploymentPostprocessing = 0;
		};
		7530DB682142DB0F006A7E85 /* Sources */ = {
			isa = PBXSourcesBuildPhase;
			buildActionMask = 2147483647;
			files = (
				7530DB712142DB0F006A7E85 /* UICollectionViewProjectUITests.swift in Sources */,
			);
			runOnlyForDeploymentPostprocessing = 0;
		};
/* End PBXSourcesBuildPhase section */

/* Begin PBXTargetDependency section */
		7530DB632142DB0F006A7E85 /* PBXTargetDependency */ = {
			isa = PBXTargetDependency;
			target = 7530DB4C2142DB0F006A7E85 /* UICollectionViewProject */;
			targetProxy = 7530DB622142DB0F006A7E85 /* PBXContainerItemProxy */;
		};
		7530DB6E2142DB0F006A7E85 /* PBXTargetDependency */ = {
			isa = PBXTargetDependency;
			target = 7530DB4C2142DB0F006A7E85 /* UICollectionViewProject */;
			targetProxy = 7530DB6D2142DB0F006A7E85 /* PBXContainerItemProxy */;
		};
/* End PBXTargetDependency section */

/* Begin XCBuildConfiguration section */
		7530DB732142DB0F006A7E85 /* Debug */ = {
			isa = XCBuildConfiguration;
			buildSettings = {
				ALWAYS_SEARCH_USER_PATHS = NO;
				CLANG_ANALYZER_NONNULL = YES;
				CLANG_ANALYZER_NUMBER_OBJECT_CONVERSION = YES_AGGRESSIVE;
				CLANG_CXX_LANGUAGE_STANDARD = "gnu++14";
				CLANG_CXX_LIBRARY = "libc++";
				CLANG_ENABLE_MODULES = YES;
				CLANG_ENABLE_OBJC_ARC = YES;
				CLANG_ENABLE_OBJC_WEAK = YES;
				CLANG_WARN_BLOCK_CAPTURE_AUTORELEASING = YES;
				CLANG_WARN_BOOL_CONVERSION = YES;
				CLANG_WARN_COMMA = YES;
				CLANG_WARN_CONSTANT_CONVERSION = YES;
				CLANG_WARN_DEPRECATED_OBJC_IMPLEMENTATIONS = YES;
				CLANG_WARN_DIRECT_OBJC_ISA_USAGE = YES_ERROR;
				CLANG_WARN_DOCUMENTATION_COMMENTS = YES;
				CLANG_WARN_EMPTY_BODY = YES;
				CLANG_WARN_ENUM_CONVERSION = YES;
				CLANG_WARN_INFINITE_RECURSION = YES;
				CLANG_WARN_INT_CONVERSION = YES;
				CLANG_WARN_NON_LITERAL_NULL_CONVERSION = YES;
				CLANG_WARN_OBJC_IMPLICIT_RETAIN_SELF = YES;
				CLANG_WARN_OBJC_LITERAL_CONVERSION = YES;
				CLANG_WARN_OBJC_ROOT_CLASS = YES_ERROR;
				CLANG_WARN_RANGE_LOOP_ANALYSIS = YES;
				CLANG_WARN_STRICT_PROTOTYPES = YES;
				CLANG_WARN_SUSPICIOUS_MOVE = YES;
				CLANG_WARN_UNGUARDED_AVAILABILITY = YES_AGGRESSIVE;
				CLANG_WARN_UNREACHABLE_CODE = YES;
				CLANG_WARN__DUPLICATE_METHOD_MATCH = YES;
				CODE_SIGN_IDENTITY = "iPhone Developer";
				COPY_PHASE_STRIP = NO;
				DEBUG_INFORMATION_FORMAT = dwarf;
				ENABLE_STRICT_OBJC_MSGSEND = YES;
				ENABLE_TESTABILITY = YES;
				GCC_C_LANGUAGE_STANDARD = gnu11;
				GCC_DYNAMIC_NO_PIC = NO;
				GCC_NO_COMMON_BLOCKS = YES;
				GCC_OPTIMIZATION_LEVEL = 0;
				GCC_PREPROCESSOR_DEFINITIONS = (
					"DEBUG=1",
					"$(inherited)",
				);
				GCC_WARN_64_TO_32_BIT_CONVERSION = YES;
				GCC_WARN_ABOUT_RETURN_TYPE = YES_ERROR;
				GCC_WARN_UNDECLARED_SELECTOR = YES;
				GCC_WARN_UNINITIALIZED_AUTOS = YES_AGGRESSIVE;
				GCC_WARN_UNUSED_FUNCTION = YES;
				GCC_WARN_UNUSED_VARIABLE = YES;
				IPHONEOS_DEPLOYMENT_TARGET = 11.4;
				MTL_ENABLE_DEBUG_INFO = YES;
				ONLY_ACTIVE_ARCH = YES;
				SDKROOT = iphoneos;
				SWIFT_ACTIVE_COMPILATION_CONDITIONS = DEBUG;
				SWIFT_OPTIMIZATION_LEVEL = "-Onone";
			};
			name = Debug;
		};
		7530DB742142DB0F006A7E85 /* Release */ = {
			isa = XCBuildConfiguration;
			buildSettings = {
				ALWAYS_SEARCH_USER_PATHS = NO;
				CLANG_ANALYZER_NONNULL = YES;
				CLANG_ANALYZER_NUMBER_OBJECT_CONVERSION = YES_AGGRESSIVE;
				CLANG_CXX_LANGUAGE_STANDARD = "gnu++14";
				CLANG_CXX_LIBRARY = "libc++";
				CLANG_ENABLE_MODULES = YES;
				CLANG_ENABLE_OBJC_ARC = YES;
				CLANG_ENABLE_OBJC_WEAK = YES;
				CLANG_WARN_BLOCK_CAPTURE_AUTORELEASING = YES;
				CLANG_WARN_BOOL_CONVERSION = YES;
				CLANG_WARN_COMMA = YES;
				CLANG_WARN_CONSTANT_CONVERSION = YES;
				CLANG_WARN_DEPRECATED_OBJC_IMPLEMENTATIONS = YES;
				CLANG_WARN_DIRECT_OBJC_ISA_USAGE = YES_ERROR;
				CLANG_WARN_DOCUMENTATION_COMMENTS = YES;
				CLANG_WARN_EMPTY_BODY = YES;
				CLANG_WARN_ENUM_CONVERSION = YES;
				CLANG_WARN_INFINITE_RECURSION = YES;
				CLANG_WARN_INT_CONVERSION = YES;
				CLANG_WARN_NON_LITERAL_NULL_CONVERSION = YES;
				CLANG_WARN_OBJC_IMPLICIT_RETAIN_SELF = YES;
				CLANG_WARN_OBJC_LITERAL_CONVERSION = YES;
				CLANG_WARN_OBJC_ROOT_CLASS = YES_ERROR;
				CLANG_WARN_RANGE_LOOP_ANALYSIS = YES;
				CLANG_WARN_STRICT_PROTOTYPES = YES;
				CLANG_WARN_SUSPICIOUS_MOVE = YES;
				CLANG_WARN_UNGUARDED_AVAILABILITY = YES_AGGRESSIVE;
				CLANG_WARN_UNREACHABLE_CODE = YES;
				CLANG_WARN__DUPLICATE_METHOD_MATCH = YES;
				CODE_SIGN_IDENTITY = "iPhone Developer";
				COPY_PHASE_STRIP = NO;
				DEBUG_INFORMATION_FORMAT = "dwarf-with-dsym";
				ENABLE_NS_ASSERTIONS = NO;
				ENABLE_STRICT_OBJC_MSGSEND = YES;
				GCC_C_LANGUAGE_STANDARD = gnu11;
				GCC_NO_COMMON_BLOCKS = YES;
				GCC_WARN_64_TO_32_BIT_CONVERSION = YES;
				GCC_WARN_ABOUT_RETURN_TYPE = YES_ERROR;
				GCC_WARN_UNDECLARED_SELECTOR = YES;
				GCC_WARN_UNINITIALIZED_AUTOS = YES_AGGRESSIVE;
				GCC_WARN_UNUSED_FUNCTION = YES;
				GCC_WARN_UNUSED_VARIABLE = YES;
				IPHONEOS_DEPLOYMENT_TARGET = 11.4;
				MTL_ENABLE_DEBUG_INFO = NO;
				SDKROOT = iphoneos;
				SWIFT_COMPILATION_MODE = wholemodule;
				SWIFT_OPTIMIZATION_LEVEL = "-O";
				VALIDATE_PRODUCT = YES;
			};
			name = Release;
		};
		7530DB762142DB0F006A7E85 /* Debug */ = {
			isa = XCBuildConfiguration;
			baseConfigurationReference = 0BB568D5B37900E243238DAE /* Pods-UICollectionViewProject.debug.xcconfig */;
			buildSettings = {
				ASSETCATALOG_COMPILER_APPICON_NAME = AppIcon;
				CODE_SIGN_STYLE = Automatic;
				DEVELOPMENT_TEAM = 2WB623YGGA;
				INFOPLIST_FILE = UICollectionViewProject/Info.plist;
				LD_RUNPATH_SEARCH_PATHS = (
					"$(inherited)",
					"@executable_path/Frameworks",
				);
				PRODUCT_BUNDLE_IDENTIFIER = SMON.UICollectionViewProject;
				PRODUCT_NAME = "$(TARGET_NAME)";
				SWIFT_VERSION = 4.0;
				TARGETED_DEVICE_FAMILY = "1,2";
			};
			name = Debug;
		};
		7530DB772142DB0F006A7E85 /* Release */ = {
			isa = XCBuildConfiguration;
			baseConfigurationReference = 9EABD072B2DFB6B8145980DC /* Pods-UICollectionViewProject.release.xcconfig */;
			buildSettings = {
				ASSETCATALOG_COMPILER_APPICON_NAME = AppIcon;
				CODE_SIGN_STYLE = Automatic;
				DEVELOPMENT_TEAM = 2WB623YGGA;
				INFOPLIST_FILE = UICollectionViewProject/Info.plist;
				LD_RUNPATH_SEARCH_PATHS = (
					"$(inherited)",
					"@executable_path/Frameworks",
				);
				PRODUCT_BUNDLE_IDENTIFIER = SMON.UICollectionViewProject;
				PRODUCT_NAME = "$(TARGET_NAME)";
				SWIFT_VERSION = 4.0;
				TARGETED_DEVICE_FAMILY = "1,2";
			};
			name = Release;
		};
		7530DB792142DB0F006A7E85 /* Debug */ = {
			isa = XCBuildConfiguration;
			baseConfigurationReference = D6F1466F13AA634E4DF0C552 /* Pods-UICollectionViewProjectTests.debug.xcconfig */;
			buildSettings = {
				ALWAYS_EMBED_SWIFT_STANDARD_LIBRARIES = YES;
				BUNDLE_LOADER = "$(TEST_HOST)";
				CODE_SIGN_STYLE = Automatic;
				DEVELOPMENT_TEAM = 2WB623YGGA;
				INFOPLIST_FILE = UICollectionViewProjectTests/Info.plist;
				LD_RUNPATH_SEARCH_PATHS = (
					"$(inherited)",
					"@executable_path/Frameworks",
					"@loader_path/Frameworks",
				);
				PRODUCT_BUNDLE_IDENTIFIER = SMON.UICollectionViewProjectTests;
				PRODUCT_NAME = "$(TARGET_NAME)";
				SWIFT_VERSION = 4.0;
				TARGETED_DEVICE_FAMILY = "1,2";
				TEST_HOST = "$(BUILT_PRODUCTS_DIR)/UICollectionViewProject.app/UICollectionViewProject";
			};
			name = Debug;
		};
		7530DB7A2142DB0F006A7E85 /* Release */ = {
			isa = XCBuildConfiguration;
			baseConfigurationReference = 5741FDB4CE8B142CB0B92E01 /* Pods-UICollectionViewProjectTests.release.xcconfig */;
			buildSettings = {
				ALWAYS_EMBED_SWIFT_STANDARD_LIBRARIES = YES;
				BUNDLE_LOADER = "$(TEST_HOST)";
				CODE_SIGN_STYLE = Automatic;
				DEVELOPMENT_TEAM = 2WB623YGGA;
				INFOPLIST_FILE = UICollectionViewProjectTests/Info.plist;
				LD_RUNPATH_SEARCH_PATHS = (
					"$(inherited)",
					"@executable_path/Frameworks",
					"@loader_path/Frameworks",
				);
				PRODUCT_BUNDLE_IDENTIFIER = SMON.UICollectionViewProjectTests;
				PRODUCT_NAME = "$(TARGET_NAME)";
				SWIFT_VERSION = 4.0;
				TARGETED_DEVICE_FAMILY = "1,2";
				TEST_HOST = "$(BUILT_PRODUCTS_DIR)/UICollectionViewProject.app/UICollectionViewProject";
			};
			name = Release;
		};
		7530DB7C2142DB0F006A7E85 /* Debug */ = {
			isa = XCBuildConfiguration;
			baseConfigurationReference = D1A709A09812E643B73DD259 /* Pods-UICollectionViewProjectUITests.debug.xcconfig */;
			buildSettings = {
				ALWAYS_EMBED_SWIFT_STANDARD_LIBRARIES = YES;
				CODE_SIGN_STYLE = Automatic;
				DEVELOPMENT_TEAM = 2WB623YGGA;
				INFOPLIST_FILE = UICollectionViewProjectUITests/Info.plist;
				LD_RUNPATH_SEARCH_PATHS = (
					"$(inherited)",
					"@executable_path/Frameworks",
					"@loader_path/Frameworks",
				);
				PRODUCT_BUNDLE_IDENTIFIER = SMON.UICollectionViewProjectUITests;
				PRODUCT_NAME = "$(TARGET_NAME)";
				SWIFT_VERSION = 4.0;
				TARGETED_DEVICE_FAMILY = "1,2";
				TEST_TARGET_NAME = UICollectionViewProject;
			};
			name = Debug;
		};
		7530DB7D2142DB0F006A7E85 /* Release */ = {
			isa = XCBuildConfiguration;
			baseConfigurationReference = FD122C888211DEE72509987D /* Pods-UICollectionViewProjectUITests.release.xcconfig */;
			buildSettings = {
				ALWAYS_EMBED_SWIFT_STANDARD_LIBRARIES = YES;
				CODE_SIGN_STYLE = Automatic;
				DEVELOPMENT_TEAM = 2WB623YGGA;
				INFOPLIST_FILE = UICollectionViewProjectUITests/Info.plist;
				LD_RUNPATH_SEARCH_PATHS = (
					"$(inherited)",
					"@executable_path/Frameworks",
					"@loader_path/Frameworks",
				);
				PRODUCT_BUNDLE_IDENTIFIER = SMON.UICollectionViewProjectUITests;
				PRODUCT_NAME = "$(TARGET_NAME)";
				SWIFT_VERSION = 4.0;
				TARGETED_DEVICE_FAMILY = "1,2";
				TEST_TARGET_NAME = UICollectionViewProject;
			};
			name = Release;
		};
/* End XCBuildConfiguration section */

/* Begin XCConfigurationList section */
		7530DB482142DB0F006A7E85 /* Build configuration list for PBXProject "UICollectionViewProject" */ = {
			isa = XCConfigurationList;
			buildConfigurations = (
				7530DB732142DB0F006A7E85 /* Debug */,
				7530DB742142DB0F006A7E85 /* Release */,
			);
			defaultConfigurationIsVisible = 0;
			defaultConfigurationName = Release;
		};
		7530DB752142DB0F006A7E85 /* Build configuration list for PBXNativeTarget "UICollectionViewProject" */ = {
			isa = XCConfigurationList;
			buildConfigurations = (
				7530DB762142DB0F006A7E85 /* Debug */,
				7530DB772142DB0F006A7E85 /* Release */,
			);
			defaultConfigurationIsVisible = 0;
			defaultConfigurationName = Release;
		};
		7530DB782142DB0F006A7E85 /* Build configuration list for PBXNativeTarget "UICollectionViewProjectTests" */ = {
			isa = XCConfigurationList;
			buildConfigurations = (
				7530DB792142DB0F006A7E85 /* Debug */,
				7530DB7A2142DB0F006A7E85 /* Release */,
			);
			defaultConfigurationIsVisible = 0;
			defaultConfigurationName = Release;
		};
		7530DB7B2142DB0F006A7E85 /* Build configuration list for PBXNativeTarget "UICollectionViewProjectUITests" */ = {
			isa = XCConfigurationList;
			buildConfigurations = (
				7530DB7C2142DB0F006A7E85 /* Debug */,
				7530DB7D2142DB0F006A7E85 /* Release */,
			);
			defaultConfigurationIsVisible = 0;
			defaultConfigurationName = Release;
		};
/* End XCConfigurationList section */
	};
	rootObject = 7530DB452142DB0F006A7E85 /* Project object */;
}
